
Microsoft Visual Studio Solution File, Format Version 12.00
# Visual Studio 14
VisualStudioVersion = 14.0.25420.1
MinimumVisualStudioVersion = 10.0.40219.1
Project("{FAE04EC0-301F-11D3-BF4B-00C04F79EFBC}") = "Dominio", "Dominio\Dominio.csproj", "{CCFDBF46-D95F-4D6C-A394-37F4BE54536B}"
EndProject
Project("{FAE04EC0-301F-11D3-BF4B-00C04F79EFBC}") = "MVC", "MVC\MVC.csproj", "{0B5289BD-5337-4D25-A3F1-C90CD0035EE9}"
EndProject
Global
	GlobalSection(SolutionConfigurationPlatforms) = preSolution
		Debug|Any CPU = Debug|Any CPU
		Release|Any CPU = Release|Any CPU
	EndGlobalSection
	GlobalSection(ProjectConfigurationPlatforms) = postSolution
		{CCFDBF46-D95F-4D6C-A394-37F4BE54536B}.Debug|Any CPU.ActiveCfg = Debug|Any CPU
		{CCFDBF46-D95F-4D6C-A394-37F4BE54536B}.Debug|Any CPU.Build.0 = Debug|Any CPU
		{CCFDBF46-D95F-4D6C-A394-37F4BE54536B}.Release|Any CPU.ActiveCfg = Release|Any CPU
		{CCFDBF46-D95F-4D6C-A394-37F4BE54536B}.Release|Any CPU.Build.0 = Release|Any CPU
		{0B5289BD-5337-4D25-A3F1-C90CD0035EE9}.Debug|Any CPU.ActiveCfg = Debug|Any CPU
		{0B5289BD-5337-4D25-A3F1-C90CD0035EE9}.Debug|Any CPU.Build.0 = Debug|Any CPU
		{0B5289BD-5337-4D25-A3F1-C90CD0035EE9}.Release|Any CPU.ActiveCfg = Release|Any CPU
		{0B5289BD-5337-4D25-A3F1-C90CD0035EE9}.Release|Any CPU.Build.0 = Release|Any CPU
	EndGlobalSection
	GlobalSection(SolutionProperties) = preSolution
		HideSolutionNode = FALSE
	EndGlobalSection
EndGlobal
